
Microsoft Visual Studio Solution File, Format Version 12.00
# Visual Studio Version 16
VisualStudioVersion = 16.0.31702.278
MinimumVisualStudioVersion = 10.0.40219.1
Project("{FAE04EC0-301F-11D3-BF4B-00C04F79EFBC}") = "WEB_SYSTEM_MOVIE_SYSTEM", "WEB_SYSTEM_MOVIE_SYSTEM.csproj", "{0AB839E6-50C5-4D68-9D05-BFD9A50BFC8B}"
EndProject
Global
	GlobalSection(SolutionConfigurationPlatforms) = preSolution
		Debug|Any CPU = Debug|Any CPU
		Release|Any CPU = Release|Any CPU
	EndGlobalSection
	GlobalSection(ProjectConfigurationPlatforms) = postSolution
		{0AB839E6-50C5-4D68-9D05-BFD9A50BFC8B}.Debug|Any CPU.ActiveCfg = Debug|Any CPU
		{0AB839E6-50C5-4D68-9D05-BFD9A50BFC8B}.Debug|Any CPU.Build.0 = Debug|Any CPU
		{0AB839E6-50C5-4D68-9D05-BFD9A50BFC8B}.Release|Any CPU.ActiveCfg = Release|Any CPU
		{0AB839E6-50C5-4D68-9D05-BFD9A50BFC8B}.Release|Any CPU.Build.0 = Release|Any CPU
	EndGlobalSection
	GlobalSection(SolutionProperties) = preSolution
		HideSolutionNode = FALSE
	EndGlobalSection
	GlobalSection(ExtensibilityGlobals) = postSolution
		SolutionGuid = {80B3AF70-FC1F-4D80-8B78-40451ED20854}
	EndGlobalSection
EndGlobal
